// !$*UTF8*$!
{
	archiveVersion = 1;
	classes = {
	};
	objectVersion = 46;
	objects = {

/* Begin PBXBuildFile section */
		320535361DFE59C80087068E /* ImageExtension.swift in Sources */ = {isa = PBXBuildFile; fileRef = 320535351DFE59C80087068E /* ImageExtension.swift */; };
		320535391DFE7AFC0087068E /* CalendarCell.swift in Sources */ = {isa = PBXBuildFile; fileRef = 320535381DFE7AFC0087068E /* CalendarCell.swift */; };
		3205353B1DFFD1F00087068E /* StatePushController.swift in Sources */ = {isa = PBXBuildFile; fileRef = 3205353A1DFFD1F00087068E /* StatePushController.swift */; };
		3267D0511DF7E7B40060B9C2 /* resource in Resources */ = {isa = PBXBuildFile; fileRef = 3267D0501DF7E7B40060B9C2 /* resource */; };
		327383721E00F4A000767708 /* StatePopController.swift in Sources */ = {isa = PBXBuildFile; fileRef = 327383711E00F4A000767708 /* StatePopController.swift */; };
		32C3E6201E07E3CA00D34A74 /* MeCell1.swift in Sources */ = {isa = PBXBuildFile; fileRef = 32C3E61F1E07E3CA00D34A74 /* MeCell1.swift */; };
		32C3E6221E07E5CF00D34A74 /* MeCell2.swift in Sources */ = {isa = PBXBuildFile; fileRef = 32C3E6211E07E5CF00D34A74 /* MeCell2.swift */; };
		32C3E6241E07E5F400D34A74 /* MeCell3.swift in Sources */ = {isa = PBXBuildFile; fileRef = 32C3E6231E07E5F400D34A74 /* MeCell3.swift */; };
		32C3E6271E0904B900D34A74 /* MeDetails.swift in Sources */ = {isa = PBXBuildFile; fileRef = 32C3E6261E0904B900D34A74 /* MeDetails.swift */; };
		32C3E6291E090B4C00D34A74 /* MePushController.swift in Sources */ = {isa = PBXBuildFile; fileRef = 32C3E6281E090B4C00D34A74 /* MePushController.swift */; };
		32C3E62B1E09121800D34A74 /* MePopController.swift in Sources */ = {isa = PBXBuildFile; fileRef = 32C3E62A1E09121800D34A74 /* MePopController.swift */; };
		32C3E62D1E091F2200D34A74 /* MeInfo.swift in Sources */ = {isa = PBXBuildFile; fileRef = 32C3E62C1E091F2200D34A74 /* MeInfo.swift */; };
		32C3E6321E0A385E00D34A74 /* HeadViewController.swift in Sources */ = {isa = PBXBuildFile; fileRef = 32C3E6311E0A385E00D34A74 /* HeadViewController.swift */; };
		32C3E6341E0A694E00D34A74 /* AlertExtension.swift in Sources */ = {isa = PBXBuildFile; fileRef = 32C3E6331E0A694E00D34A74 /* AlertExtension.swift */; };
		32C3E6361E0A7D8D00D34A74 /* MeSetting.swift in Sources */ = {isa = PBXBuildFile; fileRef = 32C3E6351E0A7D8D00D34A74 /* MeSetting.swift */; };
		32C3E6381E0A837900D34A74 /* MeUnit.swift in Sources */ = {isa = PBXBuildFile; fileRef = 32C3E6371E0A837900D34A74 /* MeUnit.swift */; };
		32C3E63A1E0A86A000D34A74 /* MeWeekbegin.swift in Sources */ = {isa = PBXBuildFile; fileRef = 32C3E6391E0A86A000D34A74 /* MeWeekbegin.swift */; };
		32C3E63C1E0A86F600D34A74 /* MeVersion.swift in Sources */ = {isa = PBXBuildFile; fileRef = 32C3E63B1E0A86F600D34A74 /* MeVersion.swift */; };
		32C5726A1DD9C2E700CEC5EB /* GradientPolylineOverlay.m in Sources */ = {isa = PBXBuildFile; fileRef = 32C572691DD9C2E700CEC5EB /* GradientPolylineOverlay.m */; };
		32C5726E1DDAA7C500CEC5EB /* GradientPolylineRenderer.m in Sources */ = {isa = PBXBuildFile; fileRef = 32C5726D1DDAA7C500CEC5EB /* GradientPolylineRenderer.m */; };
		32CCE7131E02321E008AAB8C /* ViewExtension.swift in Sources */ = {isa = PBXBuildFile; fileRef = 32CCE7121E02321E008AAB8C /* ViewExtension.swift */; };
		32D411E81DEBCEC2008EE637 /* DataBall.swift in Sources */ = {isa = PBXBuildFile; fileRef = 32D411E71DEBCEC2008EE637 /* DataBall.swift */; };
		32D4123F1DED713D008EE637 /* DetailCell.swift in Sources */ = {isa = PBXBuildFile; fileRef = 32D4123E1DED713D008EE637 /* DetailCell.swift */; };
		32D412461DEE8793008EE637 /* TarbarExtension.swift in Sources */ = {isa = PBXBuildFile; fileRef = 32D412451DEE8793008EE637 /* TarbarExtension.swift */; };
		32D4129B1DEEB6EF008EE637 /* DetailView.swift in Sources */ = {isa = PBXBuildFile; fileRef = 32D4129A1DEEB6EF008EE637 /* DetailView.swift */; };
		32D4129E1DEEC4C0008EE637 /* DetailViewController.swift in Sources */ = {isa = PBXBuildFile; fileRef = 32D4129D1DEEC4C0008EE637 /* DetailViewController.swift */; };
		32E238AB1DFA996E001969AE /* OCVariable.swift in Sources */ = {isa = PBXBuildFile; fileRef = 32E238AA1DFA996E001969AE /* OCVariable.swift */; };
		32E238AF1DFE2C9B001969AE /* DataCube.swift in Sources */ = {isa = PBXBuildFile; fileRef = 32E238AE1DFE2C9B001969AE /* DataCube.swift */; };
		BE198C131E793A4200B11A90 /* ScanCell.swift in Sources */ = {isa = PBXBuildFile; fileRef = BE198C121E793A3F00B11A90 /* ScanCell.swift */; };
		BE1C366D1D93725000AB4370 /* RootTBC.swift in Sources */ = {isa = PBXBuildFile; fileRef = BE1C366C1D93725000AB4370 /* RootTBC.swift */; };
		BE1C36701D93745500AB4370 /* NavigationExtension.swift in Sources */ = {isa = PBXBuildFile; fileRef = BE1C366F1D93745500AB4370 /* NavigationExtension.swift */; };
		BE1C36731D93763900AB4370 /* ItemButton.swift in Sources */ = {isa = PBXBuildFile; fileRef = BE1C36721D93763900AB4370 /* ItemButton.swift */; };
		BE1F53491DC2FE7900EAD9BA /* Time.swift in Sources */ = {isa = PBXBuildFile; fileRef = BE1F53481DC2FE7900EAD9BA /* Time.swift */; };
		BE2DC9E91D9210A300978C97 /* AppDelegate.swift in Sources */ = {isa = PBXBuildFile; fileRef = BE2DC9E81D9210A300978C97 /* AppDelegate.swift */; };
		BE2DC9EB1D9210A300978C97 /* MapVC.swift in Sources */ = {isa = PBXBuildFile; fileRef = BE2DC9EA1D9210A300978C97 /* MapVC.swift */; };
		BE2DC9EE1D9210A300978C97 /* Main.storyboard in Resources */ = {isa = PBXBuildFile; fileRef = BE2DC9EC1D9210A300978C97 /* Main.storyboard */; };
		BE2DC9F11D9210A300978C97 /* MapHunter.xcdatamodeld in Sources */ = {isa = PBXBuildFile; fileRef = BE2DC9EF1D9210A300978C97 /* MapHunter.xcdatamodeld */; };
		BE2DC9F31D9210A300978C97 /* Assets.xcassets in Resources */ = {isa = PBXBuildFile; fileRef = BE2DC9F21D9210A300978C97 /* Assets.xcassets */; };
		BE2DC9F61D9210A300978C97 /* LaunchScreen.storyboard in Resources */ = {isa = PBXBuildFile; fileRef = BE2DC9F41D9210A300978C97 /* LaunchScreen.storyboard */; };
		BE2DCA011D9210A300978C97 /* MapHunterTests.swift in Sources */ = {isa = PBXBuildFile; fileRef = BE2DCA001D9210A300978C97 /* MapHunterTests.swift */; };
		BE2DCA0C1D9210A300978C97 /* MapHunterUITests.swift in Sources */ = {isa = PBXBuildFile; fileRef = BE2DCA0B1D9210A300978C97 /* MapHunterUITests.swift */; };
		BE2DCA2D1D92257C00978C97 /* MapKit.framework in Frameworks */ = {isa = PBXBuildFile; fileRef = BE2DCA2C1D92257C00978C97 /* MapKit.framework */; };
		BE4BFE931E14F5EB00F3FE91 /* DetailInfoVC.swift in Sources */ = {isa = PBXBuildFile; fileRef = BE4BFE921E14F5EB00F3FE91 /* DetailInfoVC.swift */; };
		BE4BFE961E14F89B00F3FE91 /* TargetSettingVC.swift in Sources */ = {isa = PBXBuildFile; fileRef = BE4BFE951E14F89B00F3FE91 /* TargetSettingVC.swift */; };
		BE4BFE981E1502F300F3FE91 /* BottomPushController.swift in Sources */ = {isa = PBXBuildFile; fileRef = BE4BFE971E1502F300F3FE91 /* BottomPushController.swift */; };
		BE4BFE9A1E15031C00F3FE91 /* BottomPopController.swift in Sources */ = {isa = PBXBuildFile; fileRef = BE4BFE991E15031C00F3FE91 /* BottomPopController.swift */; };
		BE4BFE9C1E150FD200F3FE91 /* IntroduceVC.swift in Sources */ = {isa = PBXBuildFile; fileRef = BE4BFE9B1E150FD200F3FE91 /* IntroduceVC.swift */; };
		BE4BFE9E1E15140400F3FE91 /* MiddlePushController.swift in Sources */ = {isa = PBXBuildFile; fileRef = BE4BFE9D1E15140400F3FE91 /* MiddlePushController.swift */; };
		BE4BFEA01E15141A00F3FE91 /* MiddlePopController.swift in Sources */ = {isa = PBXBuildFile; fileRef = BE4BFE9F1E15141A00F3FE91 /* MiddlePopController.swift */; };
		BE54CB1F1E17938F00DDFFC6 /* WeightEditVC.swift in Sources */ = {isa = PBXBuildFile; fileRef = BE54CB1E1E17938F00DDFFC6 /* WeightEditVC.swift */; };
		BE54CB221E17AA9B00DDFFC6 /* AngelFit.framework in Frameworks */ = {isa = PBXBuildFile; fileRef = BE54CB201E17A94F00DDFFC6 /* AngelFit.framework */; };
		BE54CB231E17AA9B00DDFFC6 /* AngelFit.framework in Embed Frameworks */ = {isa = PBXBuildFile; fileRef = BE54CB201E17A94F00DDFFC6 /* AngelFit.framework */; settings = {ATTRIBUTES = (CodeSignOnCopy, RemoveHeadersOnCopy, ); }; };
		BE576FF11E248CFE006BAD1C /* FunVC.swift in Sources */ = {isa = PBXBuildFile; fileRef = BE576FF01E248CFE006BAD1C /* FunVC.swift */; };
		BE576FFB1E25BC85006BAD1C /* FunItems.swift in Sources */ = {isa = PBXBuildFile; fileRef = BE576FFA1E25BC85006BAD1C /* FunItems.swift */; };
		BE576FFD1E25DD1B006BAD1C /* PathViewController.swift in Sources */ = {isa = PBXBuildFile; fileRef = BE576FFC1E25DD1A006BAD1C /* PathViewController.swift */; };
		BE576FFF1E25DD55006BAD1C /* RecommendRouteViewController.swift in Sources */ = {isa = PBXBuildFile; fileRef = BE576FFE1E25DD55006BAD1C /* RecommendRouteViewController.swift */; };
		BE5770011E25DD75006BAD1C /* MyRouteViewController.swift in Sources */ = {isa = PBXBuildFile; fileRef = BE5770001E25DD75006BAD1C /* MyRouteViewController.swift */; };
		BE5770031E25DD8B006BAD1C /* SpriteViewController.swift in Sources */ = {isa = PBXBuildFile; fileRef = BE5770021E25DD8B006BAD1C /* SpriteViewController.swift */; };
		BE5770051E25E3B7006BAD1C /* FunOriginViewController.swift in Sources */ = {isa = PBXBuildFile; fileRef = BE5770041E25E3B7006BAD1C /* FunOriginViewController.swift */; };
		BE5770091E28D6DB006BAD1C /* Setting.swift in Sources */ = {isa = PBXBuildFile; fileRef = BE5770081E28D6DA006BAD1C /* Setting.swift */; };
		BE6055931E7B81AB00039CA0 /* FunctableCell.swift in Sources */ = {isa = PBXBuildFile; fileRef = BE6055921E7B81AB00039CA0 /* FunctableCell.swift */; };
		BE6055951E7BC5A100039CA0 /* Loading.swift in Sources */ = {isa = PBXBuildFile; fileRef = BE6055941E7BC5A100039CA0 /* Loading.swift */; };
		BE6ACD851DBC583C006C4471 /* TopScrollDelegate.swift in Sources */ = {isa = PBXBuildFile; fileRef = BE6ACD841DBC583C006C4471 /* TopScrollDelegate.swift */; };
		BE71B9E71DBF4CAA00143E1E /* Net.swift in Sources */ = {isa = PBXBuildFile; fileRef = BE71B9E61DBF4CAA00143E1E /* Net.swift */; };
		BE7319FD1E0B7D9B002BDF2D /* DetailScrollView.swift in Sources */ = {isa = PBXBuildFile; fileRef = BE7319FC1E0B7D9B002BDF2D /* DetailScrollView.swift */; };
		BE7319FF1E0B7F00002BDF2D /* DetailTop.swift in Sources */ = {isa = PBXBuildFile; fileRef = BE7319FE1E0B7F00002BDF2D /* DetailTop.swift */; };
		BE731A011E0B8958002BDF2D /* DetailBack.swift in Sources */ = {isa = PBXBuildFile; fileRef = BE731A001E0B8958002BDF2D /* DetailBack.swift */; };
		BE731A031E0B8CD1002BDF2D /* DetailDataView.swift in Sources */ = {isa = PBXBuildFile; fileRef = BE731A021E0B8CD1002BDF2D /* DetailDataView.swift */; };
		BE743BE01DAA1D25002AC282 /* CellExtension.swift in Sources */ = {isa = PBXBuildFile; fileRef = BE743BDF1DAA1D25002AC282 /* CellExtension.swift */; };
		BE8685401E28DFF100EBEBED /* DefaultVC.swift in Sources */ = {isa = PBXBuildFile; fileRef = BE86853F1E28DFF100EBEBED /* DefaultVC.swift */; };
		BE8685421E29C74200EBEBED /* PremapVC.swift in Sources */ = {isa = PBXBuildFile; fileRef = BE8685411E29C74200EBEBED /* PremapVC.swift */; };
		BE8685441E2F4D9C00EBEBED /* SettingPathVC.swift in Sources */ = {isa = PBXBuildFile; fileRef = BE8685431E2F4D9C00EBEBED /* SettingPathVC.swift */; };
		BE8685471E2F5C4300EBEBED /* PathCell0.swift in Sources */ = {isa = PBXBuildFile; fileRef = BE8685461E2F5C4300EBEBED /* PathCell0.swift */; };
		BE8685491E2F5C6400EBEBED /* PathCell1.swift in Sources */ = {isa = PBXBuildFile; fileRef = BE8685481E2F5C6400EBEBED /* PathCell1.swift */; };
		BE86854B1E2F624B00EBEBED /* PathTargetSettingVC.swift in Sources */ = {isa = PBXBuildFile; fileRef = BE86854A1E2F624B00EBEBED /* PathTargetSettingVC.swift */; };
		BE86854D1E2F6CED00EBEBED /* PathRemindSettingVC.swift in Sources */ = {isa = PBXBuildFile; fileRef = BE86854C1E2F6CED00EBEBED /* PathRemindSettingVC.swift */; };
		BE86854F1E2F6EF200EBEBED /* PathMaptypeSettingVC.swift in Sources */ = {isa = PBXBuildFile; fileRef = BE86854E1E2F6EF200EBEBED /* PathMaptypeSettingVC.swift */; };
		BE8685511E309B6F00EBEBED /* PathShareVC.swift in Sources */ = {isa = PBXBuildFile; fileRef = BE8685501E309B6F00EBEBED /* PathShareVC.swift */; };
		BE8685551E30C7CD00EBEBED /* ViewControllerExtension.swift in Sources */ = {isa = PBXBuildFile; fileRef = BE8685541E30C7CD00EBEBED /* ViewControllerExtension.swift */; };
		BE8685961E334F7700EBEBED /* CustomSheet.swift in Sources */ = {isa = PBXBuildFile; fileRef = BE8685951E334F7700EBEBED /* CustomSheet.swift */; };
		BE94BABD1E4858B7005DD8E4 /* ScanVC.swift in Sources */ = {isa = PBXBuildFile; fileRef = BE94BABC1E4858B7005DD8E4 /* ScanVC.swift */; };
		BE94BABF1E487866005DD8E4 /* BindingVC.swift in Sources */ = {isa = PBXBuildFile; fileRef = BE94BABE1E487866005DD8E4 /* BindingVC.swift */; };
		BE94BAC11E49CE7D005DD8E4 /* ColorExtension.swift in Sources */ = {isa = PBXBuildFile; fileRef = BE94BAC01E49CE7D005DD8E4 /* ColorExtension.swift */; };
		BE94BAC31E4C027C005DD8E4 /* HistoryVC.swift in Sources */ = {isa = PBXBuildFile; fileRef = BE94BAC21E4C027C005DD8E4 /* HistoryVC.swift */; };
		BE9DA8961DB0698500C4574B /* CoordinateTransform.swift in Sources */ = {isa = PBXBuildFile; fileRef = BE9DA8951DB0698500C4574B /* CoordinateTransform.swift */; };
		BEB248E71D9B4E2600C9F9ED /* ThirdCell.swift in Sources */ = {isa = PBXBuildFile; fileRef = BEB248E61D9B4E2600C9F9ED /* ThirdCell.swift */; };
		BEB248EA1D9BBC8D00C9F9ED /* StepProgress.swift in Sources */ = {isa = PBXBuildFile; fileRef = BEB248E91D9BBC8D00C9F9ED /* StepProgress.swift */; };
		BEB248EC1D9BD91A00C9F9ED /* IconView.swift in Sources */ = {isa = PBXBuildFile; fileRef = BEB248EB1D9BD91A00C9F9ED /* IconView.swift */; };
		BEB248F71D9CB6DC00C9F9ED /* SubCell.swift in Sources */ = {isa = PBXBuildFile; fileRef = BEB248F61D9CB6DC00C9F9ED /* SubCell.swift */; };
		BEB249091D9E202000C9F9ED /* Cell6Content.swift in Sources */ = {isa = PBXBuildFile; fileRef = BEB249081D9E202000C9F9ED /* Cell6Content.swift */; };
		BEB2490B1D9E46BD00C9F9ED /* CellCube.swift in Sources */ = {isa = PBXBuildFile; fileRef = BEB2490A1D9E46BD00C9F9ED /* CellCube.swift */; };
		BEDF4F351D93910E00E98D63 /* Configure.swift in Sources */ = {isa = PBXBuildFile; fileRef = BEDF4F341D93910E00E98D63 /* Configure.swift */; };
		BEDF4F3B1D9393BC00E98D63 /* StateVC.swift in Sources */ = {isa = PBXBuildFile; fileRef = BEDF4F3A1D9393BC00E98D63 /* StateVC.swift */; };
		BEDF4F3D1D9393F800E98D63 /* HealthVC.swift in Sources */ = {isa = PBXBuildFile; fileRef = BEDF4F3C1D9393F800E98D63 /* HealthVC.swift */; };
		BEDF4F3F1D93942E00E98D63 /* MeVC.swift in Sources */ = {isa = PBXBuildFile; fileRef = BEDF4F3E1D93942E00E98D63 /* MeVC.swift */; };
		BEDF4F561D96217A00E98D63 /* SpriteData.swift in Sources */ = {isa = PBXBuildFile; fileRef = BEDF4F551D96217A00E98D63 /* SpriteData.swift */; };
		BEDF4F691D98BBD700E98D63 /* CustomAnnotationView.swift in Sources */ = {isa = PBXBuildFile; fileRef = BEDF4F681D98BBD700E98D63 /* CustomAnnotationView.swift */; };
		BEDF4F6B1D98FB3800E98D63 /* TopView.swift in Sources */ = {isa = PBXBuildFile; fileRef = BEDF4F6A1D98FB3800E98D63 /* TopView.swift */; };
		BEDF4F6E1D98FCA900E98D63 /* FirstCell.swift in Sources */ = {isa = PBXBuildFile; fileRef = BEDF4F6D1D98FCA900E98D63 /* FirstCell.swift */; };
		BEDF4F701D98FD1200E98D63 /* SecondCell.swift in Sources */ = {isa = PBXBuildFile; fileRef = BEDF4F6F1D98FD1200E98D63 /* SecondCell.swift */; };
		BEDF4F721D99033000E98D63 /* LabelExtension.swift in Sources */ = {isa = PBXBuildFile; fileRef = BEDF4F711D99033000E98D63 /* LabelExtension.swift */; };
		BEDF4F741D99040300E98D63 /* ButtonExtension.swift in Sources */ = {isa = PBXBuildFile; fileRef = BEDF4F731D99040300E98D63 /* ButtonExtension.swift */; };
		BEDF4F771D9909ED00E98D63 /* TopScrollView.swift in Sources */ = {isa = PBXBuildFile; fileRef = BEDF4F761D9909ED00E98D63 /* TopScrollView.swift */; };
		BEDF4F791D990EF800E98D63 /* DateProgress.swift in Sources */ = {isa = PBXBuildFile; fileRef = BEDF4F781D990EF800E98D63 /* DateProgress.swift */; };
/* End PBXBuildFile section */

/* Begin PBXContainerItemProxy section */
		BE2DC9FD1D9210A300978C97 /* PBXContainerItemProxy */ = {
			isa = PBXContainerItemProxy;
			containerPortal = BE2DC9DD1D9210A300978C97 /* Project object */;
			proxyType = 1;
			remoteGlobalIDString = BE2DC9E41D9210A300978C97;
			remoteInfo = MapHunter;
		};
		BE2DCA081D9210A300978C97 /* PBXContainerItemProxy */ = {
			isa = PBXContainerItemProxy;
			containerPortal = BE2DC9DD1D9210A300978C97 /* Project object */;
			proxyType = 1;
			remoteGlobalIDString = BE2DC9E41D9210A300978C97;
			remoteInfo = MapHunter;
		};
/* End PBXContainerItemProxy section */

/* Begin PBXCopyFilesBuildPhase section */
		32D411E61DEBC860008EE637 /* Embed Frameworks */ = {
			isa = PBXCopyFilesBuildPhase;
			buildActionMask = 2147483647;
			dstPath = "";
			dstSubfolderSpec = 10;
			files = (
				BE54CB231E17AA9B00DDFFC6 /* AngelFit.framework in Embed Frameworks */,
			);
			name = "Embed Frameworks";
			runOnlyForDeploymentPostprocessing = 0;
		};
/* End PBXCopyFilesBuildPhase section */

/* Begin PBXFileReference section */
		320535351DFE59C80087068E /* ImageExtension.swift */ = {isa = PBXFileReference; fileEncoding = 4; lastKnownFileType = sourcecode.swift; path = ImageExtension.swift; sourceTree = "<group>"; };
		320535381DFE7AFC0087068E /* CalendarCell.swift */ = {isa = PBXFileReference; fileEncoding = 4; lastKnownFileType = sourcecode.swift; path = CalendarCell.swift; sourceTree = "<group>"; };
		3205353A1DFFD1F00087068E /* StatePushController.swift */ = {isa = PBXFileReference; fileEncoding = 4; lastKnownFileType = sourcecode.swift; path = StatePushController.swift; sourceTree = "<group>"; };
		3267D0501DF7E7B40060B9C2 /* resource */ = {isa = PBXFileReference; lastKnownFileType = folder; path = resource; sourceTree = "<group>"; };
		327383711E00F4A000767708 /* StatePopController.swift */ = {isa = PBXFileReference; fileEncoding = 4; lastKnownFileType = sourcecode.swift; path = StatePopController.swift; sourceTree = "<group>"; };
		32C3E61F1E07E3CA00D34A74 /* MeCell1.swift */ = {isa = PBXFileReference; fileEncoding = 4; lastKnownFileType = sourcecode.swift; path = MeCell1.swift; sourceTree = "<group>"; };
		32C3E6211E07E5CF00D34A74 /* MeCell2.swift */ = {isa = PBXFileReference; fileEncoding = 4; lastKnownFileType = sourcecode.swift; path = MeCell2.swift; sourceTree = "<group>"; };
		32C3E6231E07E5F400D34A74 /* MeCell3.swift */ = {isa = PBXFileReference; fileEncoding = 4; lastKnownFileType = sourcecode.swift; path = MeCell3.swift; sourceTree = "<group>"; };
		32C3E6261E0904B900D34A74 /* MeDetails.swift */ = {isa = PBXFileReference; fileEncoding = 4; lastKnownFileType = sourcecode.swift; path = MeDetails.swift; sourceTree = "<group>"; };
		32C3E6281E090B4C00D34A74 /* MePushController.swift */ = {isa = PBXFileReference; fileEncoding = 4; lastKnownFileType = sourcecode.swift; path = MePushController.swift; sourceTree = "<group>"; };
		32C3E62A1E09121800D34A74 /* MePopController.swift */ = {isa = PBXFileReference; fileEncoding = 4; lastKnownFileType = sourcecode.swift; path = MePopController.swift; sourceTree = "<group>"; };
		32C3E62C1E091F2200D34A74 /* MeInfo.swift */ = {isa = PBXFileReference; fileEncoding = 4; lastKnownFileType = sourcecode.swift; path = MeInfo.swift; sourceTree = "<group>"; };
		32C3E6311E0A385E00D34A74 /* HeadViewController.swift */ = {isa = PBXFileReference; fileEncoding = 4; lastKnownFileType = sourcecode.swift; path = HeadViewController.swift; sourceTree = "<group>"; };
		32C3E6331E0A694E00D34A74 /* AlertExtension.swift */ = {isa = PBXFileReference; fileEncoding = 4; lastKnownFileType = sourcecode.swift; path = AlertExtension.swift; sourceTree = "<group>"; };
		32C3E6351E0A7D8D00D34A74 /* MeSetting.swift */ = {isa = PBXFileReference; fileEncoding = 4; lastKnownFileType = sourcecode.swift; path = MeSetting.swift; sourceTree = "<group>"; };
		32C3E6371E0A837900D34A74 /* MeUnit.swift */ = {isa = PBXFileReference; fileEncoding = 4; lastKnownFileType = sourcecode.swift; path = MeUnit.swift; sourceTree = "<group>"; };
		32C3E6391E0A86A000D34A74 /* MeWeekbegin.swift */ = {isa = PBXFileReference; fileEncoding = 4; lastKnownFileType = sourcecode.swift; path = MeWeekbegin.swift; sourceTree = "<group>"; };
		32C3E63B1E0A86F600D34A74 /* MeVersion.swift */ = {isa = PBXFileReference; fileEncoding = 4; lastKnownFileType = sourcecode.swift; path = MeVersion.swift; sourceTree = "<group>"; };
		32C572671DD9C2E700CEC5EB /* MapHunter-Bridging-Header.h */ = {isa = PBXFileReference; lastKnownFileType = sourcecode.c.h; path = "MapHunter-Bridging-Header.h"; sourceTree = "<group>"; };
		32C572681DD9C2E700CEC5EB /* GradientPolylineOverlay.h */ = {isa = PBXFileReference; fileEncoding = 4; lastKnownFileType = sourcecode.c.h; path = GradientPolylineOverlay.h; sourceTree = "<group>"; };
		32C572691DD9C2E700CEC5EB /* GradientPolylineOverlay.m */ = {isa = PBXFileReference; fileEncoding = 4; lastKnownFileType = sourcecode.c.objc; path = GradientPolylineOverlay.m; sourceTree = "<group>"; };
		32C5726C1DDAA7C500CEC5EB /* GradientPolylineRenderer.h */ = {isa = PBXFileReference; fileEncoding = 4; lastKnownFileType = sourcecode.c.h; path = GradientPolylineRenderer.h; sourceTree = "<group>"; };
		32C5726D1DDAA7C500CEC5EB /* GradientPolylineRenderer.m */ = {isa = PBXFileReference; fileEncoding = 4; lastKnownFileType = sourcecode.c.objc; path = GradientPolylineRenderer.m; sourceTree = "<group>"; };
		32CCE7121E02321E008AAB8C /* ViewExtension.swift */ = {isa = PBXFileReference; fileEncoding = 4; lastKnownFileType = sourcecode.swift; path = ViewExtension.swift; sourceTree = "<group>"; };
		32D411E71DEBCEC2008EE637 /* DataBall.swift */ = {isa = PBXFileReference; fileEncoding = 4; lastKnownFileType = sourcecode.swift; path = DataBall.swift; sourceTree = "<group>"; };
		32D4123E1DED713D008EE637 /* DetailCell.swift */ = {isa = PBXFileReference; fileEncoding = 4; lastKnownFileType = sourcecode.swift; path = DetailCell.swift; sourceTree = "<group>"; };
		32D412451DEE8793008EE637 /* TarbarExtension.swift */ = {isa = PBXFileReference; fileEncoding = 4; lastKnownFileType = sourcecode.swift; path = TarbarExtension.swift; sourceTree = "<group>"; };
		32D4129A1DEEB6EF008EE637 /* DetailView.swift */ = {isa = PBXFileReference; fileEncoding = 4; lastKnownFileType = sourcecode.swift; path = DetailView.swift; sourceTree = "<group>"; };
		32D4129D1DEEC4C0008EE637 /* DetailViewController.swift */ = {isa = PBXFileReference; fileEncoding = 4; lastKnownFileType = sourcecode.swift; path = DetailViewController.swift; sourceTree = "<group>"; };
		32E238AA1DFA996E001969AE /* OCVariable.swift */ = {isa = PBXFileReference; fileEncoding = 4; lastKnownFileType = sourcecode.swift; path = OCVariable.swift; sourceTree = "<group>"; };
		32E238AE1DFE2C9B001969AE /* DataCube.swift */ = {isa = PBXFileReference; fileEncoding = 4; lastKnownFileType = sourcecode.swift; path = DataCube.swift; sourceTree = "<group>"; };
		BE198C121E793A3F00B11A90 /* ScanCell.swift */ = {isa = PBXFileReference; fileEncoding = 4; lastKnownFileType = sourcecode.swift; path = ScanCell.swift; sourceTree = "<group>"; };
		BE1C366C1D93725000AB4370 /* RootTBC.swift */ = {isa = PBXFileReference; fileEncoding = 4; lastKnownFileType = sourcecode.swift; path = RootTBC.swift; sourceTree = "<group>"; };
		BE1C366F1D93745500AB4370 /* NavigationExtension.swift */ = {isa = PBXFileReference; fileEncoding = 4; lastKnownFileType = sourcecode.swift; path = NavigationExtension.swift; sourceTree = "<group>"; };
		BE1C36721D93763900AB4370 /* ItemButton.swift */ = {isa = PBXFileReference; fileEncoding = 4; lastKnownFileType = sourcecode.swift; path = ItemButton.swift; sourceTree = "<group>"; };
		BE1F53481DC2FE7900EAD9BA /* Time.swift */ = {isa = PBXFileReference; fileEncoding = 4; lastKnownFileType = sourcecode.swift; path = Time.swift; sourceTree = "<group>"; };
		BE2DC9E51D9210A300978C97 /* MapHunter.app */ = {isa = PBXFileReference; explicitFileType = wrapper.application; includeInIndex = 0; path = MapHunter.app; sourceTree = BUILT_PRODUCTS_DIR; };
		BE2DC9E81D9210A300978C97 /* AppDelegate.swift */ = {isa = PBXFileReference; lastKnownFileType = sourcecode.swift; path = AppDelegate.swift; sourceTree = "<group>"; };
		BE2DC9EA1D9210A300978C97 /* MapVC.swift */ = {isa = PBXFileReference; lastKnownFileType = sourcecode.swift; path = MapVC.swift; sourceTree = "<group>"; };
		BE2DC9ED1D9210A300978C97 /* Base */ = {isa = PBXFileReference; lastKnownFileType = file.storyboard; name = Base; path = Base.lproj/Main.storyboard; sourceTree = "<group>"; };
		BE2DC9F01D9210A300978C97 /* MapHunter.xcdatamodel */ = {isa = PBXFileReference; lastKnownFileType = wrapper.xcdatamodel; path = MapHunter.xcdatamodel; sourceTree = "<group>"; };
		BE2DC9F21D9210A300978C97 /* Assets.xcassets */ = {isa = PBXFileReference; lastKnownFileType = folder.assetcatalog; path = Assets.xcassets; sourceTree = "<group>"; };
		BE2DC9F51D9210A300978C97 /* Base */ = {isa = PBXFileReference; lastKnownFileType = file.storyboard; name = Base; path = Base.lproj/LaunchScreen.storyboard; sourceTree = "<group>"; };
		BE2DC9F71D9210A300978C97 /* Info.plist */ = {isa = PBXFileReference; lastKnownFileType = text.plist.xml; path = Info.plist; sourceTree = "<group>"; };
		BE2DC9FC1D9210A300978C97 /* MapHunterTests.xctest */ = {isa = PBXFileReference; explicitFileType = wrapper.cfbundle; includeInIndex = 0; path = MapHunterTests.xctest; sourceTree = BUILT_PRODUCTS_DIR; };
		BE2DCA001D9210A300978C97 /* MapHunterTests.swift */ = {isa = PBXFileReference; lastKnownFileType = sourcecode.swift; path = MapHunterTests.swift; sourceTree = "<group>"; };
		BE2DCA021D9210A300978C97 /* Info.plist */ = {isa = PBXFileReference; lastKnownFileType = text.plist.xml; path = Info.plist; sourceTree = "<group>"; };
		BE2DCA071D9210A300978C97 /* MapHunterUITests.xctest */ = {isa = PBXFileReference; explicitFileType = wrapper.cfbundle; includeInIndex = 0; path = MapHunterUITests.xctest; sourceTree = BUILT_PRODUCTS_DIR; };
		BE2DCA0B1D9210A300978C97 /* MapHunterUITests.swift */ = {isa = PBXFileReference; lastKnownFileType = sourcecode.swift; path = MapHunterUITests.swift; sourceTree = "<group>"; };
		BE2DCA0D1D9210A300978C97 /* Info.plist */ = {isa = PBXFileReference; lastKnownFileType = text.plist.xml; path = Info.plist; sourceTree = "<group>"; };
		BE2DCA2C1D92257C00978C97 /* MapKit.framework */ = {isa = PBXFileReference; lastKnownFileType = wrapper.framework; name = MapKit.framework; path = System/Library/Frameworks/MapKit.framework; sourceTree = SDKROOT; };
		BE4BFE921E14F5EB00F3FE91 /* DetailInfoVC.swift */ = {isa = PBXFileReference; fileEncoding = 4; lastKnownFileType = sourcecode.swift; path = DetailInfoVC.swift; sourceTree = "<group>"; };
		BE4BFE951E14F89B00F3FE91 /* TargetSettingVC.swift */ = {isa = PBXFileReference; fileEncoding = 4; lastKnownFileType = sourcecode.swift; path = TargetSettingVC.swift; sourceTree = "<group>"; };
		BE4BFE971E1502F300F3FE91 /* BottomPushController.swift */ = {isa = PBXFileReference; fileEncoding = 4; lastKnownFileType = sourcecode.swift; path = BottomPushController.swift; sourceTree = "<group>"; };
		BE4BFE991E15031C00F3FE91 /* BottomPopController.swift */ = {isa = PBXFileReference; fileEncoding = 4; lastKnownFileType = sourcecode.swift; path = BottomPopController.swift; sourceTree = "<group>"; };
		BE4BFE9B1E150FD200F3FE91 /* IntroduceVC.swift */ = {isa = PBXFileReference; fileEncoding = 4; lastKnownFileType = sourcecode.swift; path = IntroduceVC.swift; sourceTree = "<group>"; };
		BE4BFE9D1E15140400F3FE91 /* MiddlePushController.swift */ = {isa = PBXFileReference; fileEncoding = 4; lastKnownFileType = sourcecode.swift; path = MiddlePushController.swift; sourceTree = "<group>"; };
		BE4BFE9F1E15141A00F3FE91 /* MiddlePopController.swift */ = {isa = PBXFileReference; fileEncoding = 4; lastKnownFileType = sourcecode.swift; path = MiddlePopController.swift; sourceTree = "<group>"; };
		BE54CB1E1E17938F00DDFFC6 /* WeightEditVC.swift */ = {isa = PBXFileReference; fileEncoding = 4; lastKnownFileType = sourcecode.swift; path = WeightEditVC.swift; sourceTree = "<group>"; };
		BE54CB201E17A94F00DDFFC6 /* AngelFit.framework */ = {isa = PBXFileReference; lastKnownFileType = wrapper.framework; path = AngelFit.framework; sourceTree = "<group>"; };
		BE576FF01E248CFE006BAD1C /* FunVC.swift */ = {isa = PBXFileReference; fileEncoding = 4; lastKnownFileType = sourcecode.swift; path = FunVC.swift; sourceTree = "<group>"; };
		BE576FFA1E25BC85006BAD1C /* FunItems.swift */ = {isa = PBXFileReference; fileEncoding = 4; lastKnownFileType = sourcecode.swift; path = FunItems.swift; sourceTree = "<group>"; };
		BE576FFC1E25DD1A006BAD1C /* PathViewController.swift */ = {isa = PBXFileReference; fileEncoding = 4; lastKnownFileType = sourcecode.swift; path = PathViewController.swift; sourceTree = "<group>"; };
		BE576FFE1E25DD55006BAD1C /* RecommendRouteViewController.swift */ = {isa = PBXFileReference; fileEncoding = 4; lastKnownFileType = sourcecode.swift; path = RecommendRouteViewController.swift; sourceTree = "<group>"; };
		BE5770001E25DD75006BAD1C /* MyRouteViewController.swift */ = {isa = PBXFileReference; fileEncoding = 4; lastKnownFileType = sourcecode.swift; path = MyRouteViewController.swift; sourceTree = "<group>"; };
		BE5770021E25DD8B006BAD1C /* SpriteViewController.swift */ = {isa = PBXFileReference; fileEncoding = 4; lastKnownFileType = sourcecode.swift; path = SpriteViewController.swift; sourceTree = "<group>"; };
		BE5770041E25E3B7006BAD1C /* FunOriginViewController.swift */ = {isa = PBXFileReference; fileEncoding = 4; lastKnownFileType = sourcecode.swift; path = FunOriginViewController.swift; sourceTree = "<group>"; };
		BE5770081E28D6DA006BAD1C /* Setting.swift */ = {isa = PBXFileReference; fileEncoding = 4; lastKnownFileType = sourcecode.swift; path = Setting.swift; sourceTree = "<group>"; };
		BE6055921E7B81AB00039CA0 /* FunctableCell.swift */ = {isa = PBXFileReference; fileEncoding = 4; lastKnownFileType = sourcecode.swift; path = FunctableCell.swift; sourceTree = "<group>"; };
		BE6055941E7BC5A100039CA0 /* Loading.swift */ = {isa = PBXFileReference; fileEncoding = 4; lastKnownFileType = sourcecode.swift; path = Loading.swift; sourceTree = "<group>"; };
		BE6ACD841DBC583C006C4471 /* TopScrollDelegate.swift */ = {isa = PBXFileReference; fileEncoding = 4; lastKnownFileType = sourcecode.swift; path = TopScrollDelegate.swift; sourceTree = "<group>"; };
		BE71B9E61DBF4CAA00143E1E /* Net.swift */ = {isa = PBXFileReference; fileEncoding = 4; lastKnownFileType = sourcecode.swift; path = Net.swift; sourceTree = "<group>"; };
		BE7319FC1E0B7D9B002BDF2D /* DetailScrollView.swift */ = {isa = PBXFileReference; fileEncoding = 4; lastKnownFileType = sourcecode.swift; path = DetailScrollView.swift; sourceTree = "<group>"; };
		BE7319FE1E0B7F00002BDF2D /* DetailTop.swift */ = {isa = PBXFileReference; fileEncoding = 4; lastKnownFileType = sourcecode.swift; path = DetailTop.swift; sourceTree = "<group>"; };
		BE731A001E0B8958002BDF2D /* DetailBack.swift */ = {isa = PBXFileReference; fileEncoding = 4; lastKnownFileType = sourcecode.swift; path = DetailBack.swift; sourceTree = "<group>"; };
		BE731A021E0B8CD1002BDF2D /* DetailDataView.swift */ = {isa = PBXFileReference; fileEncoding = 4; lastKnownFileType = sourcecode.swift; path = DetailDataView.swift; sourceTree = "<group>"; };
		BE743BDF1DAA1D25002AC282 /* CellExtension.swift */ = {isa = PBXFileReference; fileEncoding = 4; lastKnownFileType = sourcecode.swift; path = CellExtension.swift; sourceTree = "<group>"; };
		BE86853F1E28DFF100EBEBED /* DefaultVC.swift */ = {isa = PBXFileReference; fileEncoding = 4; lastKnownFileType = sourcecode.swift; path = DefaultVC.swift; sourceTree = "<group>"; };
		BE8685411E29C74200EBEBED /* PremapVC.swift */ = {isa = PBXFileReference; fileEncoding = 4; lastKnownFileType = sourcecode.swift; path = PremapVC.swift; sourceTree = "<group>"; };
		BE8685431E2F4D9C00EBEBED /* SettingPathVC.swift */ = {isa = PBXFileReference; fileEncoding = 4; lastKnownFileType = sourcecode.swift; path = SettingPathVC.swift; sourceTree = "<group>"; };
		BE8685461E2F5C4300EBEBED /* PathCell0.swift */ = {isa = PBXFileReference; fileEncoding = 4; lastKnownFileType = sourcecode.swift; path = PathCell0.swift; sourceTree = "<group>"; };
		BE8685481E2F5C6400EBEBED /* PathCell1.swift */ = {isa = PBXFileReference; fileEncoding = 4; lastKnownFileType = sourcecode.swift; path = PathCell1.swift; sourceTree = "<group>"; };
		BE86854A1E2F624B00EBEBED /* PathTargetSettingVC.swift */ = {isa = PBXFileReference; fileEncoding = 4; lastKnownFileType = sourcecode.swift; path = PathTargetSettingVC.swift; sourceTree = "<group>"; };
		BE86854C1E2F6CED00EBEBED /* PathRemindSettingVC.swift */ = {isa = PBXFileReference; fileEncoding = 4; lastKnownFileType = sourcecode.swift; path = PathRemindSettingVC.swift; sourceTree = "<group>"; };
		BE86854E1E2F6EF200EBEBED /* PathMaptypeSettingVC.swift */ = {isa = PBXFileReference; fileEncoding = 4; lastKnownFileType = sourcecode.swift; path = PathMaptypeSettingVC.swift; sourceTree = "<group>"; };
		BE8685501E309B6F00EBEBED /* PathShareVC.swift */ = {isa = PBXFileReference; fileEncoding = 4; lastKnownFileType = sourcecode.swift; path = PathShareVC.swift; sourceTree = "<group>"; };
		BE8685541E30C7CD00EBEBED /* ViewControllerExtension.swift */ = {isa = PBXFileReference; fileEncoding = 4; lastKnownFileType = sourcecode.swift; path = ViewControllerExtension.swift; sourceTree = "<group>"; };
		BE8685951E334F7700EBEBED /* CustomSheet.swift */ = {isa = PBXFileReference; fileEncoding = 4; lastKnownFileType = sourcecode.swift; path = CustomSheet.swift; sourceTree = "<group>"; };
		BE94BABC1E4858B7005DD8E4 /* ScanVC.swift */ = {isa = PBXFileReference; fileEncoding = 4; lastKnownFileType = sourcecode.swift; path = ScanVC.swift; sourceTree = "<group>"; };
		BE94BABE1E487866005DD8E4 /* BindingVC.swift */ = {isa = PBXFileReference; fileEncoding = 4; lastKnownFileType = sourcecode.swift; path = BindingVC.swift; sourceTree = "<group>"; };
		BE94BAC01E49CE7D005DD8E4 /* ColorExtension.swift */ = {isa = PBXFileReference; fileEncoding = 4; lastKnownFileType = sourcecode.swift; path = ColorExtension.swift; sourceTree = "<group>"; };
		BE94BAC21E4C027C005DD8E4 /* HistoryVC.swift */ = {isa = PBXFileReference; fileEncoding = 4; lastKnownFileType = sourcecode.swift; path = HistoryVC.swift; sourceTree = "<group>"; };
		BE9DA8951DB0698500C4574B /* CoordinateTransform.swift */ = {isa = PBXFileReference; fileEncoding = 4; lastKnownFileType = sourcecode.swift; path = CoordinateTransform.swift; sourceTree = "<group>"; };
		BEB248E61D9B4E2600C9F9ED /* ThirdCell.swift */ = {isa = PBXFileReference; fileEncoding = 4; lastKnownFileType = sourcecode.swift; path = ThirdCell.swift; sourceTree = "<group>"; };
		BEB248E91D9BBC8D00C9F9ED /* StepProgress.swift */ = {isa = PBXFileReference; fileEncoding = 4; lastKnownFileType = sourcecode.swift; path = StepProgress.swift; sourceTree = "<group>"; };
		BEB248EB1D9BD91A00C9F9ED /* IconView.swift */ = {isa = PBXFileReference; fileEncoding = 4; lastKnownFileType = sourcecode.swift; path = IconView.swift; sourceTree = "<group>"; };
		BEB248F61D9CB6DC00C9F9ED /* SubCell.swift */ = {isa = PBXFileReference; fileEncoding = 4; lastKnownFileType = sourcecode.swift; path = SubCell.swift; sourceTree = "<group>"; };
		BEB249081D9E202000C9F9ED /* Cell6Content.swift */ = {isa = PBXFileReference; fileEncoding = 4; lastKnownFileType = sourcecode.swift; path = Cell6Content.swift; sourceTree = "<group>"; };
		BEB2490A1D9E46BD00C9F9ED /* CellCube.swift */ = {isa = PBXFileReference; fileEncoding = 4; lastKnownFileType = sourcecode.swift; path = CellCube.swift; sourceTree = "<group>"; };
		BEDF4F341D93910E00E98D63 /* Configure.swift */ = {isa = PBXFileReference; fileEncoding = 4; lastKnownFileType = sourcecode.swift; path = Configure.swift; sourceTree = "<group>"; };
		BEDF4F3A1D9393BC00E98D63 /* StateVC.swift */ = {isa = PBXFileReference; fileEncoding = 4; lastKnownFileType = sourcecode.swift; path = StateVC.swift; sourceTree = "<group>"; };
		BEDF4F3C1D9393F800E98D63 /* HealthVC.swift */ = {isa = PBXFileReference; fileEncoding = 4; lastKnownFileType = sourcecode.swift; path = HealthVC.swift; sourceTree = "<group>"; };
		BEDF4F3E1D93942E00E98D63 /* MeVC.swift */ = {isa = PBXFileReference; fileEncoding = 4; lastKnownFileType = sourcecode.swift; path = MeVC.swift; sourceTree = "<group>"; };
		BEDF4F551D96217A00E98D63 /* SpriteData.swift */ = {isa = PBXFileReference; fileEncoding = 4; lastKnownFileType = sourcecode.swift; path = SpriteData.swift; sourceTree = "<group>"; };
		BEDF4F681D98BBD700E98D63 /* CustomAnnotationView.swift */ = {isa = PBXFileReference; fileEncoding = 4; lastKnownFileType = sourcecode.swift; path = CustomAnnotationView.swift; sourceTree = "<group>"; };
		BEDF4F6A1D98FB3800E98D63 /* TopView.swift */ = {isa = PBXFileReference; fileEncoding = 4; lastKnownFileType = sourcecode.swift; path = TopView.swift; sourceTree = "<group>"; };
		BEDF4F6D1D98FCA900E98D63 /* FirstCell.swift */ = {isa = PBXFileReference; fileEncoding = 4; lastKnownFileType = sourcecode.swift; path = FirstCell.swift; sourceTree = "<group>"; };
		BEDF4F6F1D98FD1200E98D63 /* SecondCell.swift */ = {isa = PBXFileReference; fileEncoding = 4; lastKnownFileType = sourcecode.swift; path = SecondCell.swift; sourceTree = "<group>"; };
		BEDF4F711D99033000E98D63 /* LabelExtension.swift */ = {isa = PBXFileReference; fileEncoding = 4; lastKnownFileType = sourcecode.swift; path = LabelExtension.swift; sourceTree = "<group>"; };
		BEDF4F731D99040300E98D63 /* ButtonExtension.swift */ = {isa = PBXFileReference; fileEncoding = 4; lastKnownFileType = sourcecode.swift; path = ButtonExtension.swift; sourceTree = "<group>"; };
		BEDF4F761D9909ED00E98D63 /* TopScrollView.swift */ = {isa = PBXFileReference; fileEncoding = 4; lastKnownFileType = sourcecode.swift; path = TopScrollView.swift; sourceTree = "<group>"; };
		BEDF4F781D990EF800E98D63 /* DateProgress.swift */ = {isa = PBXFileReference; fileEncoding = 4; lastKnownFileType = sourcecode.swift; path = DateProgress.swift; sourceTree = "<group>"; };
/* End PBXFileReference section */

/* Begin PBXFrameworksBuildPhase section */
		BE2DC9E21D9210A300978C97 /* Frameworks */ = {
			isa = PBXFrameworksBuildPhase;
			buildActionMask = 2147483647;
			files = (
				BE54CB221E17AA9B00DDFFC6 /* AngelFit.framework in Frameworks */,
				BE2DCA2D1D92257C00978C97 /* MapKit.framework in Frameworks */,
			);
			runOnlyForDeploymentPostprocessing = 0;
		};
		BE2DC9F91D9210A300978C97 /* Frameworks */ = {
			isa = PBXFrameworksBuildPhase;
			buildActionMask = 2147483647;
			files = (
			);
			runOnlyForDeploymentPostprocessing = 0;
		};
		BE2DCA041D9210A300978C97 /* Frameworks */ = {
			isa = PBXFrameworksBuildPhase;
			buildActionMask = 2147483647;
			files = (
			);
			runOnlyForDeploymentPostprocessing = 0;
		};
/* End PBXFrameworksBuildPhase section */

/* Begin PBXGroup section */
		320535371DFE7AD80087068E /* CalendarCell */ = {
			isa = PBXGroup;
			children = (
				320535381DFE7AFC0087068E /* CalendarCell.swift */,
			);
			name = CalendarCell;
			sourceTree = "<group>";
		};
		32C3E6251E09049100D34A74 /* 健康详情 */ = {
			isa = PBXGroup;
			children = (
				32C3E6261E0904B900D34A74 /* MeDetails.swift */,
				BE198C111E793A1B00B11A90 /* 扫描 */,
				BE60558D1E7A957000039CA0 /* 设备 */,
			);
			name = "健康详情";
			sourceTree = "<group>";
		};
		32C3E62F1E092F4B00D34A74 /* 个人设置 */ = {
			isa = PBXGroup;
			children = (
				32C3E6351E0A7D8D00D34A74 /* MeSetting.swift */,
				32C3E6301E092F6700D34A74 /* 个人资料修改 */,
				32C3E6371E0A837900D34A74 /* MeUnit.swift */,
				32C3E6391E0A86A000D34A74 /* MeWeekbegin.swift */,
				32C3E63B1E0A86F600D34A74 /* MeVersion.swift */,
			);
			name = "个人设置";
			sourceTree = "<group>";
		};
		32C3E6301E092F6700D34A74 /* 个人资料修改 */ = {
			isa = PBXGroup;
			children = (
				32C3E62C1E091F2200D34A74 /* MeInfo.swift */,
				32C3E6311E0A385E00D34A74 /* HeadViewController.swift */,
			);
			name = "个人资料修改";
			sourceTree = "<group>";
		};
		32C5726B1DD9C2FD00CEC5EB /* 自定义路径 */ = {
			isa = PBXGroup;
			children = (
				32C572681DD9C2E700CEC5EB /* GradientPolylineOverlay.h */,
				32C572691DD9C2E700CEC5EB /* GradientPolylineOverlay.m */,
				32C5726C1DDAA7C500CEC5EB /* GradientPolylineRenderer.h */,
				32C5726D1DDAA7C500CEC5EB /* GradientPolylineRenderer.m */,
				32C572671DD9C2E700CEC5EB /* MapHunter-Bridging-Header.h */,
				32E238AA1DFA996E001969AE /* OCVariable.swift */,
			);
			name = "自定义路径";
			sourceTree = "<group>";
		};
		32D4123D1DED708B008EE637 /* DetailCell */ = {
			isa = PBXGroup;
			children = (
				32D4123E1DED713D008EE637 /* DetailCell.swift */,
				32D4129A1DEEB6EF008EE637 /* DetailView.swift */,
			);
			name = DetailCell;
			sourceTree = "<group>";
		};
		32D4129C1DEEC49F008EE637 /* 模块 */ = {
			isa = PBXGroup;
			children = (
				32D4129D1DEEC4C0008EE637 /* DetailViewController.swift */,
				BE7319FC1E0B7D9B002BDF2D /* DetailScrollView.swift */,
				BE731A001E0B8958002BDF2D /* DetailBack.swift */,
				BE731A041E0BCF4E002BDF2D /* 顶部图 */,
				BE731A181E10C4E6002BDF2D /* 详情模块 */,
				BE4BFE941E14F87700F3FE91 /* 目标设置\介绍页面\编辑页面 */,
			);
			name = "模块";
			sourceTree = "<group>";
		};
		BE198C111E793A1B00B11A90 /* 扫描 */ = {
			isa = PBXGroup;
			children = (
				BE94BABC1E4858B7005DD8E4 /* ScanVC.swift */,
				BE198C121E793A3F00B11A90 /* ScanCell.swift */,
			);
			name = "扫描";
			sourceTree = "<group>";
		};
		BE1C366E1D93742700AB4370 /* Extension */ = {
			isa = PBXGroup;
			children = (
				BE1C366F1D93745500AB4370 /* NavigationExtension.swift */,
				32D412451DEE8793008EE637 /* TarbarExtension.swift */,
				BE8685541E30C7CD00EBEBED /* ViewControllerExtension.swift */,
				BE6055941E7BC5A100039CA0 /* Loading.swift */,
				BEDF4F711D99033000E98D63 /* LabelExtension.swift */,
				BEDF4F731D99040300E98D63 /* ButtonExtension.swift */,
				BE743BDF1DAA1D25002AC282 /* CellExtension.swift */,
				320535351DFE59C80087068E /* ImageExtension.swift */,
				32CCE7121E02321E008AAB8C /* ViewExtension.swift */,
				32C3E6331E0A694E00D34A74 /* AlertExtension.swift */,
				BE8685951E334F7700EBEBED /* CustomSheet.swift */,
				BE94BAC01E49CE7D005DD8E4 /* ColorExtension.swift */,
			);
			name = Extension;
			sourceTree = "<group>";
		};
		BE1C36711D93761500AB4370 /* Buttons */ = {
			isa = PBXGroup;
			children = (
				BE1C36721D93763900AB4370 /* ItemButton.swift */,
			);
			name = Buttons;
			sourceTree = "<group>";
		};
		BE2DC9DC1D9210A300978C97 = {
			isa = PBXGroup;
			children = (
				BE2DC9E71D9210A300978C97 /* MapHunter */,
				BE2DC9FF1D9210A300978C97 /* MapHunterTests */,
				BE2DCA0A1D9210A300978C97 /* MapHunterUITests */,
				BE2DC9E61D9210A300978C97 /* Products */,
				BE2DCA2B1D92257C00978C97 /* Frameworks */,
			);
			sourceTree = "<group>";
		};
		BE2DC9E61D9210A300978C97 /* Products */ = {
			isa = PBXGroup;
			children = (
				BE2DC9E51D9210A300978C97 /* MapHunter.app */,
				BE2DC9FC1D9210A300978C97 /* MapHunterTests.xctest */,
				BE2DCA071D9210A300978C97 /* MapHunterUITests.xctest */,
			);
			name = Products;
			sourceTree = "<group>";
		};
		BE2DC9E71D9210A300978C97 /* MapHunter */ = {
			isa = PBXGroup;
			children = (
				BE54CB201E17A94F00DDFFC6 /* AngelFit.framework */,
				BE2DC9EC1D9210A300978C97 /* Main.storyboard */,
				BE1C366C1D93725000AB4370 /* RootTBC.swift */,
				BEDF4F371D93938500E98D63 /* 状态 */,
				BEDF4F361D93937C00E98D63 /* 地图 */,
				BEDF4F381D93938D00E98D63 /* 健康 */,
				BEDF4F391D93939900E98D63 /* 个人 */,
				BE71B9E51DBF4C9400143E1E /* Net */,
				BE1C366E1D93742700AB4370 /* Extension */,
				BE1C36711D93761500AB4370 /* Buttons */,
				BE2DCA1A1D9210D000978C97 /* SupportingFiles */,
				3267D0501DF7E7B40060B9C2 /* resource */,
				BE2DCA191D9210C200978C97 /* CoreData */,
			);
			path = MapHunter;
			sourceTree = "<group>";
		};
		BE2DC9FF1D9210A300978C97 /* MapHunterTests */ = {
			isa = PBXGroup;
			children = (
				BE2DCA001D9210A300978C97 /* MapHunterTests.swift */,
				BE2DCA021D9210A300978C97 /* Info.plist */,
			);
			path = MapHunterTests;
			sourceTree = "<group>";
		};
		BE2DCA0A1D9210A300978C97 /* MapHunterUITests */ = {
			isa = PBXGroup;
			children = (
				BE2DCA0B1D9210A300978C97 /* MapHunterUITests.swift */,
				BE2DCA0D1D9210A300978C97 /* Info.plist */,
			);
			path = MapHunterUITests;
			sourceTree = "<group>";
		};
		BE2DCA191D9210C200978C97 /* CoreData */ = {
			isa = PBXGroup;
			children = (
				BE2DC9EF1D9210A300978C97 /* MapHunter.xcdatamodeld */,
			);
			name = CoreData;
			sourceTree = "<group>";
		};
		BE2DCA1A1D9210D000978C97 /* SupportingFiles */ = {
			isa = PBXGroup;
			children = (
				BE2DC9E81D9210A300978C97 /* AppDelegate.swift */,
				BE2DC9F21D9210A300978C97 /* Assets.xcassets */,
				BE2DC9F41D9210A300978C97 /* LaunchScreen.storyboard */,
				BE2DC9F71D9210A300978C97 /* Info.plist */,
				BEDF4F341D93910E00E98D63 /* Configure.swift */,
				BE1F53481DC2FE7900EAD9BA /* Time.swift */,
			);
			name = SupportingFiles;
			sourceTree = "<group>";
		};
		BE2DCA2B1D92257C00978C97 /* Frameworks */ = {
			isa = PBXGroup;
			children = (
				BE2DCA2C1D92257C00978C97 /* MapKit.framework */,
			);
			name = Frameworks;
			sourceTree = "<group>";
		};
		BE4BFE941E14F87700F3FE91 /* 目标设置\介绍页面\编辑页面 */ = {
			isa = PBXGroup;
			children = (
				BE4BFE951E14F89B00F3FE91 /* TargetSettingVC.swift */,
				BE4BFE9B1E150FD200F3FE91 /* IntroduceVC.swift */,
				BE54CB1E1E17938F00DDFFC6 /* WeightEditVC.swift */,
			);
			name = "目标设置\\介绍页面\\编辑页面";
			sourceTree = "<group>";
		};
		BE576FF91E25BC6B006BAD1C /* Contents */ = {
			isa = PBXGroup;
			children = (
				BE576FFA1E25BC85006BAD1C /* FunItems.swift */,
				BE5770041E25E3B7006BAD1C /* FunOriginViewController.swift */,
				BE5770071E28D6C7006BAD1C /* path */,
				BE94BABB1E484C71005DD8E4 /* recommendRoute */,
				BE5770001E25DD75006BAD1C /* MyRouteViewController.swift */,
				BE5770021E25DD8B006BAD1C /* SpriteViewController.swift */,
			);
			name = Contents;
			sourceTree = "<group>";
		};
		BE5770071E28D6C7006BAD1C /* path */ = {
			isa = PBXGroup;
			children = (
				BE576FFC1E25DD1A006BAD1C /* PathViewController.swift */,
				BE5770081E28D6DA006BAD1C /* Setting.swift */,
				BE94BAC41E4C0281005DD8E4 /* History */,
				BE8685451E2F5C2700EBEBED /* Setting */,
				BE86853F1E28DFF100EBEBED /* DefaultVC.swift */,
				BE8685411E29C74200EBEBED /* PremapVC.swift */,
				BE8685501E309B6F00EBEBED /* PathShareVC.swift */,
			);
			name = path;
			sourceTree = "<group>";
		};
		BE60558D1E7A957000039CA0 /* 设备 */ = {
			isa = PBXGroup;
			children = (
				BE94BABE1E487866005DD8E4 /* BindingVC.swift */,
				BE6055921E7B81AB00039CA0 /* FunctableCell.swift */,
			);
			name = "设备";
			sourceTree = "<group>";
		};
		BE6ACD761DBC5475006C4471 /* include */ = {
			isa = PBXGroup;
			children = (
			);
			path = include;
			sourceTree = "<group>";
		};
		BE71B9E51DBF4C9400143E1E /* Net */ = {
			isa = PBXGroup;
			children = (
				BE71B9E61DBF4CAA00143E1E /* Net.swift */,
			);
			name = Net;
			sourceTree = "<group>";
		};
		BE731A041E0BCF4E002BDF2D /* 顶部图 */ = {
			isa = PBXGroup;
			children = (
				BE7319FE1E0B7F00002BDF2D /* DetailTop.swift */,
			);
			name = "顶部图";
			sourceTree = "<group>";
		};
		BE731A181E10C4E6002BDF2D /* 详情模块 */ = {
			isa = PBXGroup;
			children = (
				BE731A021E0B8CD1002BDF2D /* DetailDataView.swift */,
				BE4BFE921E14F5EB00F3FE91 /* DetailInfoVC.swift */,
			);
			name = "详情模块";
			sourceTree = "<group>";
		};
		BE8685451E2F5C2700EBEBED /* Setting */ = {
			isa = PBXGroup;
			children = (
				BE8685431E2F4D9C00EBEBED /* SettingPathVC.swift */,
				BE8685461E2F5C4300EBEBED /* PathCell0.swift */,
				BE8685481E2F5C6400EBEBED /* PathCell1.swift */,
				BE86854C1E2F6CED00EBEBED /* PathRemindSettingVC.swift */,
				BE86854E1E2F6EF200EBEBED /* PathMaptypeSettingVC.swift */,
				BE86854A1E2F624B00EBEBED /* PathTargetSettingVC.swift */,
			);
			name = Setting;
			sourceTree = "<group>";
		};
		BE94BABB1E484C71005DD8E4 /* recommendRoute */ = {
			isa = PBXGroup;
			children = (
				BE576FFE1E25DD55006BAD1C /* RecommendRouteViewController.swift */,
			);
			name = recommendRoute;
			sourceTree = "<group>";
		};
		BE94BAC41E4C0281005DD8E4 /* History */ = {
			isa = PBXGroup;
			children = (
				BE94BAC21E4C027C005DD8E4 /* HistoryVC.swift */,
			);
			name = History;
			sourceTree = "<group>";
		};
		BEB248E81D9BBC7800C9F9ED /* Cell1 */ = {
			isa = PBXGroup;
			children = (
				BEDF4F6D1D98FCA900E98D63 /* FirstCell.swift */,
				BEB248E91D9BBC8D00C9F9ED /* StepProgress.swift */,
				BEB248EB1D9BD91A00C9F9ED /* IconView.swift */,
				32D411E71DEBCEC2008EE637 /* DataBall.swift */,
				32E238AE1DFE2C9B001969AE /* DataCube.swift */,
			);
			name = Cell1;
			sourceTree = "<group>";
		};
		BEB248F51D9CA50400C9F9ED /* Cell2 */ = {
			isa = PBXGroup;
			children = (
				BEDF4F6F1D98FD1200E98D63 /* SecondCell.swift */,
				BEB248F61D9CB6DC00C9F9ED /* SubCell.swift */,
				BEB249081D9E202000C9F9ED /* Cell6Content.swift */,
				BEB2490A1D9E46BD00C9F9ED /* CellCube.swift */,
			);
			name = Cell2;
			sourceTree = "<group>";
		};
		BEB2490C1D9E503800C9F9ED /* Cell3 */ = {
			isa = PBXGroup;
			children = (
				BEB248E61D9B4E2600C9F9ED /* ThirdCell.swift */,
			);
			name = Cell3;
			sourceTree = "<group>";
		};
		BEDF4F361D93937C00E98D63 /* 地图 */ = {
			isa = PBXGroup;
			children = (
				BE576FF01E248CFE006BAD1C /* FunVC.swift */,
				BE576FF91E25BC6B006BAD1C /* Contents */,
				BE2DC9EA1D9210A300978C97 /* MapVC.swift */,
				BE9DA8951DB0698500C4574B /* CoordinateTransform.swift */,
				BEDF4F681D98BBD700E98D63 /* CustomAnnotationView.swift */,
				BEDF4F551D96217A00E98D63 /* SpriteData.swift */,
				32C5726B1DD9C2FD00CEC5EB /* 自定义路径 */,
			);
			name = "地图";
			sourceTree = "<group>";
		};
		BEDF4F371D93938500E98D63 /* 状态 */ = {
			isa = PBXGroup;
			children = (
				BEDF4F3A1D9393BC00E98D63 /* StateVC.swift */,
				3205353A1DFFD1F00087068E /* StatePushController.swift */,
				327383711E00F4A000767708 /* StatePopController.swift */,
				BE4BFE971E1502F300F3FE91 /* BottomPushController.swift */,
				BE4BFE991E15031C00F3FE91 /* BottomPopController.swift */,
				BE4BFE9D1E15140400F3FE91 /* MiddlePushController.swift */,
				BE4BFE9F1E15141A00F3FE91 /* MiddlePopController.swift */,
				BEDF4F751D9909A300E98D63 /* Top */,
				BEDF4F6C1D98FC5E00E98D63 /* cells */,
			);
			name = "状态";
			sourceTree = "<group>";
		};
		BEDF4F381D93938D00E98D63 /* 健康 */ = {
			isa = PBXGroup;
			children = (
				BEDF4F3C1D9393F800E98D63 /* HealthVC.swift */,
			);
			name = "健康";
			sourceTree = "<group>";
		};
		BEDF4F391D93939900E98D63 /* 个人 */ = {
			isa = PBXGroup;
			children = (
				BEDF4F3E1D93942E00E98D63 /* MeVC.swift */,
				32C3E6281E090B4C00D34A74 /* MePushController.swift */,
				32C3E62A1E09121800D34A74 /* MePopController.swift */,
				32C3E61F1E07E3CA00D34A74 /* MeCell1.swift */,
				32C3E6211E07E5CF00D34A74 /* MeCell2.swift */,
				32C3E6231E07E5F400D34A74 /* MeCell3.swift */,
				32C3E62F1E092F4B00D34A74 /* 个人设置 */,
				32C3E6251E09049100D34A74 /* 健康详情 */,
			);
			name = "个人";
			sourceTree = "<group>";
		};
		BEDF4F6C1D98FC5E00E98D63 /* cells */ = {
			isa = PBXGroup;
			children = (
				BEB248E81D9BBC7800C9F9ED /* Cell1 */,
				BEB248F51D9CA50400C9F9ED /* Cell2 */,
				BEB2490C1D9E503800C9F9ED /* Cell3 */,
				32D4123D1DED708B008EE637 /* DetailCell */,
				320535371DFE7AD80087068E /* CalendarCell */,
				32D4129C1DEEC49F008EE637 /* 模块 */,
			);
			name = cells;
			sourceTree = "<group>";
		};
		BEDF4F751D9909A300E98D63 /* Top */ = {
			isa = PBXGroup;
			children = (
				BE6ACD761DBC5475006C4471 /* include */,
				BEDF4F6A1D98FB3800E98D63 /* TopView.swift */,
				BEDF4F761D9909ED00E98D63 /* TopScrollView.swift */,
				BE6ACD841DBC583C006C4471 /* TopScrollDelegate.swift */,
				BEDF4F781D990EF800E98D63 /* DateProgress.swift */,
			);
			name = Top;
			sourceTree = "<group>";
		};
/* End PBXGroup section */

/* Begin PBXNativeTarget section */
		BE2DC9E41D9210A300978C97 /* MapHunter */ = {
			isa = PBXNativeTarget;
			buildConfigurationList = BE2DCA101D9210A300978C97 /* Build configuration list for PBXNativeTarget "MapHunter" */;
			buildPhases = (
				BE2DC9E11D9210A300978C97 /* Sources */,
				BE2DC9E21D9210A300978C97 /* Frameworks */,
				BE2DC9E31D9210A300978C97 /* Resources */,
				32D411E61DEBC860008EE637 /* Embed Frameworks */,
			);
			buildRules = (
			);
			dependencies = (
			);
			name = MapHunter;
			productName = MapHunter;
			productReference = BE2DC9E51D9210A300978C97 /* MapHunter.app */;
			productType = "com.apple.product-type.application";
		};
		BE2DC9FB1D9210A300978C97 /* MapHunterTests */ = {
			isa = PBXNativeTarget;
			buildConfigurationList = BE2DCA131D9210A300978C97 /* Build configuration list for PBXNativeTarget "MapHunterTests" */;
			buildPhases = (
				BE2DC9F81D9210A300978C97 /* Sources */,
				BE2DC9F91D9210A300978C97 /* Frameworks */,
				BE2DC9FA1D9210A300978C97 /* Resources */,
			);
			buildRules = (
			);
			dependencies = (
				BE2DC9FE1D9210A300978C97 /* PBXTargetDependency */,
			);
			name = MapHunterTests;
			productName = MapHunterTests;
			productReference = BE2DC9FC1D9210A300978C97 /* MapHunterTests.xctest */;
			productType = "com.apple.product-type.bundle.unit-test";
		};
		BE2DCA061D9210A300978C97 /* MapHunterUITests */ = {
			isa = PBXNativeTarget;
			buildConfigurationList = BE2DCA161D9210A300978C97 /* Build configuration list for PBXNativeTarget "MapHunterUITests" */;
			buildPhases = (
				BE2DCA031D9210A300978C97 /* Sources */,
				BE2DCA041D9210A300978C97 /* Frameworks */,
				BE2DCA051D9210A300978C97 /* Resources */,
			);
			buildRules = (
			);
			dependencies = (
				BE2DCA091D9210A300978C97 /* PBXTargetDependency */,
			);
			name = MapHunterUITests;
			productName = MapHunterUITests;
			productReference = BE2DCA071D9210A300978C97 /* MapHunterUITests.xctest */;
			productType = "com.apple.product-type.bundle.ui-testing";
		};
/* End PBXNativeTarget section */

/* Begin PBXProject section */
		BE2DC9DD1D9210A300978C97 /* Project object */ = {
			isa = PBXProject;
			attributes = {
				LastSwiftUpdateCheck = 0800;
				LastUpgradeCheck = 0810;
				ORGANIZATIONNAME = ganyi;
				TargetAttributes = {
					BE2DC9E41D9210A300978C97 = {
						CreatedOnToolsVersion = 8.0;
						DevelopmentTeam = T65EE75V48;
						LastSwiftMigration = 0810;
						ProvisioningStyle = Automatic;
						SystemCapabilities = {
							com.apple.BackgroundModes = {
								enabled = 0;
							};
							com.apple.InAppPurchase = {
								enabled = 0;
							};
							com.apple.Maps.iOS = {
								enabled = 0;
							};
						};
					};
					BE2DC9FB1D9210A300978C97 = {
						CreatedOnToolsVersion = 8.0;
						DevelopmentTeam = T65EE75V48;
						ProvisioningStyle = Automatic;
						TestTargetID = BE2DC9E41D9210A300978C97;
					};
					BE2DCA061D9210A300978C97 = {
						CreatedOnToolsVersion = 8.0;
						DevelopmentTeam = T65EE75V48;
						ProvisioningStyle = Automatic;
						TestTargetID = BE2DC9E41D9210A300978C97;
					};
				};
			};
			buildConfigurationList = BE2DC9E01D9210A300978C97 /* Build configuration list for PBXProject "MapHunter" */;
			compatibilityVersion = "Xcode 3.2";
			developmentRegion = English;
			hasScannedForEncodings = 0;
			knownRegions = (
				en,
				Base,
			);
			mainGroup = BE2DC9DC1D9210A300978C97;
			productRefGroup = BE2DC9E61D9210A300978C97 /* Products */;
			projectDirPath = "";
			projectRoot = "";
			targets = (
				BE2DC9E41D9210A300978C97 /* MapHunter */,
				BE2DC9FB1D9210A300978C97 /* MapHunterTests */,
				BE2DCA061D9210A300978C97 /* MapHunterUITests */,
			);
		};
/* End PBXProject section */

/* Begin PBXResourcesBuildPhase section */
		BE2DC9E31D9210A300978C97 /* Resources */ = {
			isa = PBXResourcesBuildPhase;
			buildActionMask = 2147483647;
			files = (
				3267D0511DF7E7B40060B9C2 /* resource in Resources */,
				BE2DC9F61D9210A300978C97 /* LaunchScreen.storyboard in Resources */,
				BE2DC9F31D9210A300978C97 /* Assets.xcassets in Resources */,
				BE2DC9EE1D9210A300978C97 /* Main.storyboard in Resources */,
			);
			runOnlyForDeploymentPostprocessing = 0;
		};
		BE2DC9FA1D9210A300978C97 /* Resources */ = {
			isa = PBXResourcesBuildPhase;
			buildActionMask = 2147483647;
			files = (
			);
			runOnlyForDeploymentPostprocessing = 0;
		};
		BE2DCA051D9210A300978C97 /* Resources */ = {
			isa = PBXResourcesBuildPhase;
			buildActionMask = 2147483647;
			files = (
			);
			runOnlyForDeploymentPostprocessing = 0;
		};
/* End PBXResourcesBuildPhase section */

/* Begin PBXSourcesBuildPhase section */
		BE2DC9E11D9210A300978C97 /* Sources */ = {
			isa = PBXSourcesBuildPhase;
			buildActionMask = 2147483647;
			files = (
				BE8685961E334F7700EBEBED /* CustomSheet.swift in Sources */,
				BE8685401E28DFF100EBEBED /* DefaultVC.swift in Sources */,
				BE6055951E7BC5A100039CA0 /* Loading.swift in Sources */,
				BEDF4F6B1D98FB3800E98D63 /* TopView.swift in Sources */,
				32D4129B1DEEB6EF008EE637 /* DetailView.swift in Sources */,
				32C3E6201E07E3CA00D34A74 /* MeCell1.swift in Sources */,
				327383721E00F4A000767708 /* StatePopController.swift in Sources */,
				BE198C131E793A4200B11A90 /* ScanCell.swift in Sources */,
				32C3E6241E07E5F400D34A74 /* MeCell3.swift in Sources */,
				BEDF4F3F1D93942E00E98D63 /* MeVC.swift in Sources */,
				BE86854D1E2F6CED00EBEBED /* PathRemindSettingVC.swift in Sources */,
				BE94BAC31E4C027C005DD8E4 /* HistoryVC.swift in Sources */,
				32C5726E1DDAA7C500CEC5EB /* GradientPolylineRenderer.m in Sources */,
				BE731A011E0B8958002BDF2D /* DetailBack.swift in Sources */,
				BEB2490B1D9E46BD00C9F9ED /* CellCube.swift in Sources */,
				BE94BAC11E49CE7D005DD8E4 /* ColorExtension.swift in Sources */,
				32CCE7131E02321E008AAB8C /* ViewExtension.swift in Sources */,
				BE4BFEA01E15141A00F3FE91 /* MiddlePopController.swift in Sources */,
				BE576FFF1E25DD55006BAD1C /* RecommendRouteViewController.swift in Sources */,
				BE8685551E30C7CD00EBEBED /* ViewControllerExtension.swift in Sources */,
				BE7319FF1E0B7F00002BDF2D /* DetailTop.swift in Sources */,
				BE6055931E7B81AB00039CA0 /* FunctableCell.swift in Sources */,
				BE1C36731D93763900AB4370 /* ItemButton.swift in Sources */,
				BE1C366D1D93725000AB4370 /* RootTBC.swift in Sources */,
				BE71B9E71DBF4CAA00143E1E /* Net.swift in Sources */,
				BE8685441E2F4D9C00EBEBED /* SettingPathVC.swift in Sources */,
				32C3E6321E0A385E00D34A74 /* HeadViewController.swift in Sources */,
				32C3E6381E0A837900D34A74 /* MeUnit.swift in Sources */,
				32C3E63C1E0A86F600D34A74 /* MeVersion.swift in Sources */,
				BE4BFE931E14F5EB00F3FE91 /* DetailInfoVC.swift in Sources */,
				BEDF4F3B1D9393BC00E98D63 /* StateVC.swift in Sources */,
				32D412461DEE8793008EE637 /* TarbarExtension.swift in Sources */,
				BE8685421E29C74200EBEBED /* PremapVC.swift in Sources */,
				BEB248EC1D9BD91A00C9F9ED /* IconView.swift in Sources */,
				32C3E62B1E09121800D34A74 /* MePopController.swift in Sources */,
				32E238AB1DFA996E001969AE /* OCVariable.swift in Sources */,
				BE576FFB1E25BC85006BAD1C /* FunItems.swift in Sources */,
				32C5726A1DD9C2E700CEC5EB /* GradientPolylineOverlay.m in Sources */,
				BE54CB1F1E17938F00DDFFC6 /* WeightEditVC.swift in Sources */,
				32C3E6291E090B4C00D34A74 /* MePushController.swift in Sources */,
				320535391DFE7AFC0087068E /* CalendarCell.swift in Sources */,
				32C3E6271E0904B900D34A74 /* MeDetails.swift in Sources */,
				32C3E63A1E0A86A000D34A74 /* MeWeekbegin.swift in Sources */,
				BE5770031E25DD8B006BAD1C /* SpriteViewController.swift in Sources */,
				BEB248E71D9B4E2600C9F9ED /* ThirdCell.swift in Sources */,
				32D411E81DEBCEC2008EE637 /* DataBall.swift in Sources */,
				32C3E6361E0A7D8D00D34A74 /* MeSetting.swift in Sources */,
				32D4123F1DED713D008EE637 /* DetailCell.swift in Sources */,
				BEB248F71D9CB6DC00C9F9ED /* SubCell.swift in Sources */,
				32C3E62D1E091F2200D34A74 /* MeInfo.swift in Sources */,
				BEDF4F791D990EF800E98D63 /* DateProgress.swift in Sources */,
				BE8685471E2F5C4300EBEBED /* PathCell0.swift in Sources */,
				BE4BFE9E1E15140400F3FE91 /* MiddlePushController.swift in Sources */,
				BEDF4F351D93910E00E98D63 /* Configure.swift in Sources */,
				32D4129E1DEEC4C0008EE637 /* DetailViewController.swift in Sources */,
				BE576FF11E248CFE006BAD1C /* FunVC.swift in Sources */,
				BE5770051E25E3B7006BAD1C /* FunOriginViewController.swift in Sources */,
				BE1F53491DC2FE7900EAD9BA /* Time.swift in Sources */,
				BEDF4F3D1D9393F800E98D63 /* HealthVC.swift in Sources */,
				BE86854F1E2F6EF200EBEBED /* PathMaptypeSettingVC.swift in Sources */,
				BE7319FD1E0B7D9B002BDF2D /* DetailScrollView.swift in Sources */,
				32C3E6221E07E5CF00D34A74 /* MeCell2.swift in Sources */,
				BE2DC9F11D9210A300978C97 /* MapHunter.xcdatamodeld in Sources */,
				BE576FFD1E25DD1B006BAD1C /* PathViewController.swift in Sources */,
				320535361DFE59C80087068E /* ImageExtension.swift in Sources */,
				BE86854B1E2F624B00EBEBED /* PathTargetSettingVC.swift in Sources */,
				BE5770011E25DD75006BAD1C /* MyRouteViewController.swift in Sources */,
				BE1C36701D93745500AB4370 /* NavigationExtension.swift in Sources */,
				BE8685491E2F5C6400EBEBED /* PathCell1.swift in Sources */,
				BEDF4F771D9909ED00E98D63 /* TopScrollView.swift in Sources */,
				BE6ACD851DBC583C006C4471 /* TopScrollDelegate.swift in Sources */,
				BE4BFE981E1502F300F3FE91 /* BottomPushController.swift in Sources */,
				32E238AF1DFE2C9B001969AE /* DataCube.swift in Sources */,
				BE743BE01DAA1D25002AC282 /* CellExtension.swift in Sources */,
				BE2DC9EB1D9210A300978C97 /* MapVC.swift in Sources */,
				BEDF4F561D96217A00E98D63 /* SpriteData.swift in Sources */,
				BE94BABD1E4858B7005DD8E4 /* ScanVC.swift in Sources */,
				BEDF4F691D98BBD700E98D63 /* CustomAnnotationView.swift in Sources */,
				BEDF4F721D99033000E98D63 /* LabelExtension.swift in Sources */,
				BE4BFE961E14F89B00F3FE91 /* TargetSettingVC.swift in Sources */,
				BE9DA8961DB0698500C4574B /* CoordinateTransform.swift in Sources */,
				BE4BFE9A1E15031C00F3FE91 /* BottomPopController.swift in Sources */,
				BE5770091E28D6DB006BAD1C /* Setting.swift in Sources */,
				BEDF4F6E1D98FCA900E98D63 /* FirstCell.swift in Sources */,
				BEDF4F701D98FD1200E98D63 /* SecondCell.swift in Sources */,
				BEDF4F741D99040300E98D63 /* ButtonExtension.swift in Sources */,
				BE731A031E0B8CD1002BDF2D /* DetailDataView.swift in Sources */,
				BE8685511E309B6F00EBEBED /* PathShareVC.swift in Sources */,
				BEB248EA1D9BBC8D00C9F9ED /* StepProgress.swift in Sources */,
				BEB249091D9E202000C9F9ED /* Cell6Content.swift in Sources */,
				BE4BFE9C1E150FD200F3FE91 /* IntroduceVC.swift in Sources */,
				32C3E6341E0A694E00D34A74 /* AlertExtension.swift in Sources */,
				BE2DC9E91D9210A300978C97 /* AppDelegate.swift in Sources */,
				BE94BABF1E487866005DD8E4 /* BindingVC.swift in Sources */,
				3205353B1DFFD1F00087068E /* StatePushController.swift in Sources */,
			);
			runOnlyForDeploymentPostprocessing = 0;
		};
		BE2DC9F81D9210A300978C97 /* Sources */ = {
			isa = PBXSourcesBuildPhase;
			buildActionMask = 2147483647;
			files = (
				BE2DCA011D9210A300978C97 /* MapHunterTests.swift in Sources */,
			);
			runOnlyForDeploymentPostprocessing = 0;
		};
		BE2DCA031D9210A300978C97 /* Sources */ = {
			isa = PBXSourcesBuildPhase;
			buildActionMask = 2147483647;
			files = (
				BE2DCA0C1D9210A300978C97 /* MapHunterUITests.swift in Sources */,
			);
			runOnlyForDeploymentPostprocessing = 0;
		};
/* End PBXSourcesBuildPhase section */

/* Begin PBXTargetDependency section */
		BE2DC9FE1D9210A300978C97 /* PBXTargetDependency */ = {
			isa = PBXTargetDependency;
			target = BE2DC9E41D9210A300978C97 /* MapHunter */;
			targetProxy = BE2DC9FD1D9210A300978C97 /* PBXContainerItemProxy */;
		};
		BE2DCA091D9210A300978C97 /* PBXTargetDependency */ = {
			isa = PBXTargetDependency;
			target = BE2DC9E41D9210A300978C97 /* MapHunter */;
			targetProxy = BE2DCA081D9210A300978C97 /* PBXContainerItemProxy */;
		};
/* End PBXTargetDependency section */

/* Begin PBXVariantGroup section */
		BE2DC9EC1D9210A300978C97 /* Main.storyboard */ = {
			isa = PBXVariantGroup;
			children = (
				BE2DC9ED1D9210A300978C97 /* Base */,
			);
			name = Main.storyboard;
			sourceTree = "<group>";
		};
		BE2DC9F41D9210A300978C97 /* LaunchScreen.storyboard */ = {
			isa = PBXVariantGroup;
			children = (
				BE2DC9F51D9210A300978C97 /* Base */,
			);
			name = LaunchScreen.storyboard;
			sourceTree = "<group>";
		};
/* End PBXVariantGroup section */

/* Begin XCBuildConfiguration section */
		BE2DCA0E1D9210A300978C97 /* Debug */ = {
			isa = XCBuildConfiguration;
			buildSettings = {
				ALWAYS_SEARCH_USER_PATHS = NO;
				CLANG_ANALYZER_NONNULL = YES;
				CLANG_CXX_LANGUAGE_STANDARD = "gnu++0x";
				CLANG_CXX_LIBRARY = "libc++";
				CLANG_ENABLE_MODULES = YES;
				CLANG_ENABLE_OBJC_ARC = YES;
				CLANG_WARN_BOOL_CONVERSION = YES;
				CLANG_WARN_CONSTANT_CONVERSION = YES;
				CLANG_WARN_DIRECT_OBJC_ISA_USAGE = YES_ERROR;
				CLANG_WARN_DOCUMENTATION_COMMENTS = YES;
				CLANG_WARN_EMPTY_BODY = YES;
				CLANG_WARN_ENUM_CONVERSION = YES;
				CLANG_WARN_INFINITE_RECURSION = YES;
				CLANG_WARN_INT_CONVERSION = YES;
				CLANG_WARN_OBJC_ROOT_CLASS = YES_ERROR;
				CLANG_WARN_SUSPICIOUS_MOVE = YES;
				CLANG_WARN_SUSPICIOUS_MOVES = YES;
				CLANG_WARN_UNREACHABLE_CODE = YES;
				CLANG_WARN__DUPLICATE_METHOD_MATCH = YES;
				"CODE_SIGN_IDENTITY[sdk=iphoneos*]" = "iPhone Developer";
				COPY_PHASE_STRIP = NO;
				DEBUG_INFORMATION_FORMAT = dwarf;
				ENABLE_STRICT_OBJC_MSGSEND = YES;
				ENABLE_TESTABILITY = YES;
				GCC_C_LANGUAGE_STANDARD = gnu99;
				GCC_DYNAMIC_NO_PIC = NO;
				GCC_NO_COMMON_BLOCKS = YES;
				GCC_OPTIMIZATION_LEVEL = 0;
				GCC_PREPROCESSOR_DEFINITIONS = (
					"DEBUG=1",
					"$(inherited)",
				);
				GCC_WARN_64_TO_32_BIT_CONVERSION = YES;
				GCC_WARN_ABOUT_RETURN_TYPE = YES_ERROR;
				GCC_WARN_UNDECLARED_SELECTOR = YES;
				GCC_WARN_UNINITIALIZED_AUTOS = YES_AGGRESSIVE;
				GCC_WARN_UNUSED_FUNCTION = YES;
				GCC_WARN_UNUSED_VARIABLE = YES;
				IPHONEOS_DEPLOYMENT_TARGET = 10.0;
				MTL_ENABLE_DEBUG_INFO = YES;
				ONLY_ACTIVE_ARCH = YES;
				SDKROOT = iphoneos;
				SWIFT_ACTIVE_COMPILATION_CONDITIONS = DEBUG;
				SWIFT_OBJC_BRIDGING_HEADER = "";
				SWIFT_OPTIMIZATION_LEVEL = "-Onone";
				TARGETED_DEVICE_FAMILY = "1,2";
			};
			name = Debug;
		};
		BE2DCA0F1D9210A300978C97 /* Release */ = {
			isa = XCBuildConfiguration;
			buildSettings = {
				ALWAYS_SEARCH_USER_PATHS = NO;
				CLANG_ANALYZER_NONNULL = YES;
				CLANG_CXX_LANGUAGE_STANDARD = "gnu++0x";
				CLANG_CXX_LIBRARY = "libc++";
				CLANG_ENABLE_MODULES = YES;
				CLANG_ENABLE_OBJC_ARC = YES;
				CLANG_WARN_BOOL_CONVERSION = YES;
				CLANG_WARN_CONSTANT_CONVERSION = YES;
				CLANG_WARN_DIRECT_OBJC_ISA_USAGE = YES_ERROR;
				CLANG_WARN_DOCUMENTATION_COMMENTS = YES;
				CLANG_WARN_EMPTY_BODY = YES;
				CLANG_WARN_ENUM_CONVERSION = YES;
				CLANG_WARN_INFINITE_RECURSION = YES;
				CLANG_WARN_INT_CONVERSION = YES;
				CLANG_WARN_OBJC_ROOT_CLASS = YES_ERROR;
				CLANG_WARN_SUSPICIOUS_MOVE = YES;
				CLANG_WARN_SUSPICIOUS_MOVES = YES;
				CLANG_WARN_UNREACHABLE_CODE = YES;
				CLANG_WARN__DUPLICATE_METHOD_MATCH = YES;
				"CODE_SIGN_IDENTITY[sdk=iphoneos*]" = "iPhone Developer";
				COPY_PHASE_STRIP = NO;
				DEBUG_INFORMATION_FORMAT = "dwarf-with-dsym";
				ENABLE_NS_ASSERTIONS = NO;
				ENABLE_STRICT_OBJC_MSGSEND = YES;
				GCC_C_LANGUAGE_STANDARD = gnu99;
				GCC_NO_COMMON_BLOCKS = YES;
				GCC_WARN_64_TO_32_BIT_CONVERSION = YES;
				GCC_WARN_ABOUT_RETURN_TYPE = YES_ERROR;
				GCC_WARN_UNDECLARED_SELECTOR = YES;
				GCC_WARN_UNINITIALIZED_AUTOS = YES_AGGRESSIVE;
				GCC_WARN_UNUSED_FUNCTION = YES;
				GCC_WARN_UNUSED_VARIABLE = YES;
				IPHONEOS_DEPLOYMENT_TARGET = 10.0;
				MTL_ENABLE_DEBUG_INFO = NO;
				SDKROOT = iphoneos;
				SWIFT_OBJC_BRIDGING_HEADER = "";
				SWIFT_OPTIMIZATION_LEVEL = "-Owholemodule";
				TARGETED_DEVICE_FAMILY = "1,2";
				VALIDATE_PRODUCT = YES;
			};
			name = Release;
		};
		BE2DCA111D9210A300978C97 /* Debug */ = {
			isa = XCBuildConfiguration;
			buildSettings = {
				ASSETCATALOG_COMPILER_APPICON_NAME = AppIcon;
				CLANG_ENABLE_MODULES = YES;
				CODE_SIGN_IDENTITY = "iPhone Developer: an he (A4R4XM8NL6)";
				"CODE_SIGN_IDENTITY[sdk=iphoneos*]" = "iPhone Developer";
				DEVELOPMENT_TEAM = T65EE75V48;
				FRAMEWORK_SEARCH_PATHS = (
					"$(inherited)",
					"$(PROJECT_DIR)/MapHunter",
				);
				INFOPLIST_FILE = MapHunter/Info.plist;
				IPHONEOS_DEPLOYMENT_TARGET = 9.0;
				LD_RUNPATH_SEARCH_PATHS = "$(inherited) @executable_path/Frameworks";
				LIBRARY_SEARCH_PATHS = (
					"$(inherited)",
					"$(PROJECT_DIR)/MapHunter",
				);
				PRODUCT_BUNDLE_IDENTIFIER = com.orangebrush.funsport;
				PRODUCT_NAME = "$(TARGET_NAME)";
				SWIFT_OBJC_BRIDGING_HEADER = "MapHunter/MapHunter-Bridging-Header.h";
				SWIFT_OPTIMIZATION_LEVEL = "-Onone";
				SWIFT_VERSION = 3.0;
				TARGETED_DEVICE_FAMILY = 1;
			};
			name = Debug;
		};
		BE2DCA121D9210A300978C97 /* Release */ = {
			isa = XCBuildConfiguration;
			buildSettings = {
				ASSETCATALOG_COMPILER_APPICON_NAME = AppIcon;
				CLANG_ENABLE_MODULES = YES;
				CODE_SIGN_IDENTITY = "iPhone Developer: an he (A4R4XM8NL6)";
				"CODE_SIGN_IDENTITY[sdk=iphoneos*]" = "iPhone Developer";
				DEVELOPMENT_TEAM = T65EE75V48;
				FRAMEWORK_SEARCH_PATHS = (
					"$(inherited)",
					"$(PROJECT_DIR)/MapHunter",
				);
				INFOPLIST_FILE = MapHunter/Info.plist;
				IPHONEOS_DEPLOYMENT_TARGET = 9.0;
				LD_RUNPATH_SEARCH_PATHS = "$(inherited) @executable_path/Frameworks";
				LIBRARY_SEARCH_PATHS = (
					"$(inherited)",
					"$(PROJECT_DIR)/MapHunter",
				);
				PRODUCT_BUNDLE_IDENTIFIER = com.orangebrush.funsport;
				PRODUCT_NAME = "$(TARGET_NAME)";
				SWIFT_OBJC_BRIDGING_HEADER = "MapHunter/MapHunter-Bridging-Header.h";
				SWIFT_VERSION = 3.0;
				TARGETED_DEVICE_FAMILY = 1;
			};
			name = Release;
		};
		BE2DCA141D9210A300978C97 /* Debug */ = {
			isa = XCBuildConfiguration;
			buildSettings = {
				ALWAYS_EMBED_SWIFT_STANDARD_LIBRARIES = YES;
				BUNDLE_LOADER = "$(TEST_HOST)";
				DEVELOPMENT_TEAM = T65EE75V48;
				INFOPLIST_FILE = MapHunterTests/Info.plist;
				LD_RUNPATH_SEARCH_PATHS = "$(inherited) @executable_path/Frameworks @loader_path/Frameworks";
				PRODUCT_BUNDLE_IDENTIFIER = com.orangebrush.MapHunterTests;
				PRODUCT_NAME = "$(TARGET_NAME)";
				SWIFT_VERSION = 3.0;
				TEST_HOST = "$(BUILT_PRODUCTS_DIR)/MapHunter.app/MapHunter";
			};
			name = Debug;
		};
		BE2DCA151D9210A300978C97 /* Release */ = {
			isa = XCBuildConfiguration;
			buildSettings = {
				ALWAYS_EMBED_SWIFT_STANDARD_LIBRARIES = YES;
				BUNDLE_LOADER = "$(TEST_HOST)";
				DEVELOPMENT_TEAM = T65EE75V48;
				INFOPLIST_FILE = MapHunterTests/Info.plist;
				LD_RUNPATH_SEARCH_PATHS = "$(inherited) @executable_path/Frameworks @loader_path/Frameworks";
				PRODUCT_BUNDLE_IDENTIFIER = com.orangebrush.MapHunterTests;
				PRODUCT_NAME = "$(TARGET_NAME)";
				SWIFT_VERSION = 3.0;
				TEST_HOST = "$(BUILT_PRODUCTS_DIR)/MapHunter.app/MapHunter";
			};
			name = Release;
		};
		BE2DCA171D9210A300978C97 /* Debug */ = {
			isa = XCBuildConfiguration;
			buildSettings = {
				ALWAYS_EMBED_SWIFT_STANDARD_LIBRARIES = YES;
				DEVELOPMENT_TEAM = T65EE75V48;
				INFOPLIST_FILE = MapHunterUITests/Info.plist;
				LD_RUNPATH_SEARCH_PATHS = "$(inherited) @executable_path/Frameworks @loader_path/Frameworks";
				PRODUCT_BUNDLE_IDENTIFIER = com.orangebrush.MapHunterUITests;
				PRODUCT_NAME = "$(TARGET_NAME)";
				SWIFT_VERSION = 3.0;
				TEST_TARGET_NAME = MapHunter;
			};
			name = Debug;
		};
		BE2DCA181D9210A300978C97 /* Release */ = {
			isa = XCBuildConfiguration;
			buildSettings = {
				ALWAYS_EMBED_SWIFT_STANDARD_LIBRARIES = YES;
				DEVELOPMENT_TEAM = T65EE75V48;
				INFOPLIST_FILE = MapHunterUITests/Info.plist;
				LD_RUNPATH_SEARCH_PATHS = "$(inherited) @executable_path/Frameworks @loader_path/Frameworks";
				PRODUCT_BUNDLE_IDENTIFIER = com.orangebrush.MapHunterUITests;
				PRODUCT_NAME = "$(TARGET_NAME)";
				SWIFT_VERSION = 3.0;
				TEST_TARGET_NAME = MapHunter;
			};
			name = Release;
		};
/* End XCBuildConfiguration section */

/* Begin XCConfigurationList section */
		BE2DC9E01D9210A300978C97 /* Build configuration list for PBXProject "MapHunter" */ = {
			isa = XCConfigurationList;
			buildConfigurations = (
				BE2DCA0E1D9210A300978C97 /* Debug */,
				BE2DCA0F1D9210A300978C97 /* Release */,
			);
			defaultConfigurationIsVisible = 0;
			defaultConfigurationName = Release;
		};
		BE2DCA101D9210A300978C97 /* Build configuration list for PBXNativeTarget "MapHunter" */ = {
			isa = XCConfigurationList;
			buildConfigurations = (
				BE2DCA111D9210A300978C97 /* Debug */,
				BE2DCA121D9210A300978C97 /* Release */,
			);
			defaultConfigurationIsVisible = 0;
			defaultConfigurationName = Release;
		};
		BE2DCA131D9210A300978C97 /* Build configuration list for PBXNativeTarget "MapHunterTests" */ = {
			isa = XCConfigurationList;
			buildConfigurations = (
				BE2DCA141D9210A300978C97 /* Debug */,
				BE2DCA151D9210A300978C97 /* Release */,
			);
			defaultConfigurationIsVisible = 0;
			defaultConfigurationName = Release;
		};
		BE2DCA161D9210A300978C97 /* Build configuration list for PBXNativeTarget "MapHunterUITests" */ = {
			isa = XCConfigurationList;
			buildConfigurations = (
				BE2DCA171D9210A300978C97 /* Debug */,
				BE2DCA181D9210A300978C97 /* Release */,
			);
			defaultConfigurationIsVisible = 0;
			defaultConfigurationName = Release;
		};
/* End XCConfigurationList section */

/* Begin XCVersionGroup section */
		BE2DC9EF1D9210A300978C97 /* MapHunter.xcdatamodeld */ = {
			isa = XCVersionGroup;
			children = (
				BE2DC9F01D9210A300978C97 /* MapHunter.xcdatamodel */,
			);
			currentVersion = BE2DC9F01D9210A300978C97 /* MapHunter.xcdatamodel */;
			path = MapHunter.xcdatamodeld;
			sourceTree = "<group>";
			versionGroupType = wrapper.xcdatamodel;
		};
/* End XCVersionGroup section */
	};
	rootObject = BE2DC9DD1D9210A300978C97 /* Project object */;
}
